# THIS IS AN AUTOGENERATED FILE. DO NOT EDIT THIS FILE DIRECTLY.
# yarn lockfile v1


"@babel/helper-string-parser@^7.27.1":
  version "7.27.1"
  resolved "https://mirrors.huaweicloud.com/repository/npm/@babel/helper-string-parser/-/helper-string-parser-7.27.1.tgz"
  integrity sha512-qMlSxKbpRlAridDExk92nSobyDdpPijUq2DW6oDnUqd0iOGxmQjyqhMIihI9+zv4LPyZdRje2cavWPbCbWm3eA==

"@babel/helper-validator-identifier@^7.27.1":
  version "7.27.1"
  resolved "https://mirrors.huaweicloud.com/repository/npm/@babel/helper-validator-identifier/-/helper-validator-identifier-7.27.1.tgz"
  integrity sha512-D2hP9eA+Sqx1kBZgzxZh0y1trbuU+JoDkiEwqhQ36nodYqJwyEIhPSdMNd7lOm/4io72luTPWH20Yda0xOuUow==

"@babel/parser@^7.27.5":
  version "7.28.0"
  resolved "https://mirrors.huaweicloud.com/repository/npm/@babel/parser/-/parser-7.28.0.tgz"
  integrity sha512-jVZGvOxOuNSsuQuLRTh13nU0AogFlw32w/MT+LV6D3sP5WdbW61E77RnkbaO2dUvmPAYrBDJXGn5gGS6tH4j8g==
  dependencies:
    "@babel/types" "^7.28.0"

"@babel/types@^7.28.0":
  version "7.28.0"
  resolved "https://mirrors.huaweicloud.com/repository/npm/@babel/types/-/types-7.28.0.tgz"
  integrity sha512-jYnje+JyZG5YThjHiF28oT4SIZLnYOcSBb6+SDaFIyzDVSkXQmQQYclJ2R+YxcdmK0AX6x1E5OQNtuh3jHDrUg==
  dependencies:
    "@babel/helper-string-parser" "^7.27.1"
    "@babel/helper-validator-identifier" "^7.27.1"

"@ctrl/tinycolor@^3.4.1":
  version "3.6.1"
  resolved "https://mirrors.huaweicloud.com/repository/npm/@ctrl/tinycolor/-/tinycolor-3.6.1.tgz"
  integrity sha512-SITSV6aIXsuVNV3f3O0f2n/cgyEDWoSqtZMYiAmcsYHydcKrOz3gUxB/iXd/Qf08+IZX4KpgNbvUdMBmWz+kcA==

"@element-plus/icons-vue@^2.3.1":
  version "2.3.1"
  resolved "https://mirrors.huaweicloud.com/repository/npm/@element-plus/icons-vue/-/icons-vue-2.3.1.tgz"
  integrity sha512-XxVUZv48RZAd87ucGS48jPf6pKu0yV5UCg9f4FFwtrYxXOwWuVJo6wOvSLKEoMQKjv8GsX/mhP6UsC1lRwbUWg==

"@esbuild/aix-ppc64@0.25.6":
  version "0.25.6"
  resolved "https://mirrors.huaweicloud.com/repository/npm/@esbuild/aix-ppc64/-/aix-ppc64-0.25.6.tgz#164b19122e2ed54f85469df9dea98ddb01d5e79e"
  integrity sha512-ShbM/3XxwuxjFiuVBHA+d3j5dyac0aEVVq1oluIDf71hUw0aRF59dV/efUsIwFnR6m8JNM2FjZOzmaZ8yG61kw==

"@esbuild/android-arm64@0.25.6":
  version "0.25.6"
  resolved "https://mirrors.huaweicloud.com/repository/npm/@esbuild/android-arm64/-/android-arm64-0.25.6.tgz#8f539e7def848f764f6432598e51cc3820fde3a5"
  integrity sha512-hd5zdUarsK6strW+3Wxi5qWws+rJhCCbMiC9QZyzoxfk5uHRIE8T287giQxzVpEvCwuJ9Qjg6bEjcRJcgfLqoA==

"@esbuild/android-arm@0.25.6":
  version "0.25.6"
  resolved "https://mirrors.huaweicloud.com/repository/npm/@esbuild/android-arm/-/android-arm-0.25.6.tgz#4ceb0f40113e9861169be83e2a670c260dd234ff"
  integrity sha512-S8ToEOVfg++AU/bHwdksHNnyLyVM+eMVAOf6yRKFitnwnbwwPNqKr3srzFRe7nzV69RQKb5DgchIX5pt3L53xg==

"@esbuild/android-x64@0.25.6":
  version "0.25.6"
  resolved "https://mirrors.huaweicloud.com/repository/npm/@esbuild/android-x64/-/android-x64-0.25.6.tgz#ad4f280057622c25fe985c08999443a195dc63a8"
  integrity sha512-0Z7KpHSr3VBIO9A/1wcT3NTy7EB4oNC4upJ5ye3R7taCc2GUdeynSLArnon5G8scPwaU866d3H4BCrE5xLW25A==

"@esbuild/darwin-arm64@0.25.6":
  version "0.25.6"
  resolved "https://mirrors.huaweicloud.com/repository/npm/@esbuild/darwin-arm64/-/darwin-arm64-0.25.6.tgz"
  integrity sha512-FFCssz3XBavjxcFxKsGy2DYK5VSvJqa6y5HXljKzhRZ87LvEi13brPrf/wdyl/BbpbMKJNOr1Sd0jtW4Ge1pAA==

"@esbuild/darwin-x64@0.25.6":
  version "0.25.6"
  resolved "https://mirrors.huaweicloud.com/repository/npm/@esbuild/darwin-x64/-/darwin-x64-0.25.6.tgz#2b4a6cedb799f635758d7832d75b23772c8ef68f"
  integrity sha512-GfXs5kry/TkGM2vKqK2oyiLFygJRqKVhawu3+DOCk7OxLy/6jYkWXhlHwOoTb0WqGnWGAS7sooxbZowy+pK9Yg==

"@esbuild/freebsd-arm64@0.25.6":
  version "0.25.6"
  resolved "https://mirrors.huaweicloud.com/repository/npm/@esbuild/freebsd-arm64/-/freebsd-arm64-0.25.6.tgz#a26266cc97dd78dc3c3f3d6788b1b83697b1055d"
  integrity sha512-aoLF2c3OvDn2XDTRvn8hN6DRzVVpDlj2B/F66clWd/FHLiHaG3aVZjxQX2DYphA5y/evbdGvC6Us13tvyt4pWg==

"@esbuild/freebsd-x64@0.25.6":
  version "0.25.6"
  resolved "https://mirrors.huaweicloud.com/repository/npm/@esbuild/freebsd-x64/-/freebsd-x64-0.25.6.tgz#9feb8e826735c568ebfd94859b22a3fbb6a9bdd2"
  integrity sha512-2SkqTjTSo2dYi/jzFbU9Plt1vk0+nNg8YC8rOXXea+iA3hfNJWebKYPs3xnOUf9+ZWhKAaxnQNUf2X9LOpeiMQ==

"@esbuild/linux-arm64@0.25.6":
  version "0.25.6"
  resolved "https://mirrors.huaweicloud.com/repository/npm/@esbuild/linux-arm64/-/linux-arm64-0.25.6.tgz#c07cbed8e249f4c28e7f32781d36fc4695293d28"
  integrity sha512-b967hU0gqKd9Drsh/UuAm21Khpoh6mPBSgz8mKRq4P5mVK8bpA+hQzmm/ZwGVULSNBzKdZPQBRT3+WuVavcWsQ==

"@esbuild/linux-arm@0.25.6":
  version "0.25.6"
  resolved "https://mirrors.huaweicloud.com/repository/npm/@esbuild/linux-arm/-/linux-arm-0.25.6.tgz#d6e2cd8ef3196468065d41f13fa2a61aaa72644a"
  integrity sha512-SZHQlzvqv4Du5PrKE2faN0qlbsaW/3QQfUUc6yO2EjFcA83xnwm91UbEEVx4ApZ9Z5oG8Bxz4qPE+HFwtVcfyw==

"@esbuild/linux-ia32@0.25.6":
  version "0.25.6"
  resolved "https://mirrors.huaweicloud.com/repository/npm/@esbuild/linux-ia32/-/linux-ia32-0.25.6.tgz#3e682bd47c4eddcc4b8f1393dfc8222482f17997"
  integrity sha512-aHWdQ2AAltRkLPOsKdi3xv0mZ8fUGPdlKEjIEhxCPm5yKEThcUjHpWB1idN74lfXGnZ5SULQSgtr5Qos5B0bPw==

"@esbuild/linux-loong64@0.25.6":
  version "0.25.6"
  resolved "https://mirrors.huaweicloud.com/repository/npm/@esbuild/linux-loong64/-/linux-loong64-0.25.6.tgz#473f5ea2e52399c08ad4cd6b12e6dbcddd630f05"
  integrity sha512-VgKCsHdXRSQ7E1+QXGdRPlQ/e08bN6WMQb27/TMfV+vPjjTImuT9PmLXupRlC90S1JeNNW5lzkAEO/McKeJ2yg==

"@esbuild/linux-mips64el@0.25.6":
  version "0.25.6"
  resolved "https://mirrors.huaweicloud.com/repository/npm/@esbuild/linux-mips64el/-/linux-mips64el-0.25.6.tgz#9960631c9fd61605b0939c19043acf4ef2b51718"
  integrity sha512-WViNlpivRKT9/py3kCmkHnn44GkGXVdXfdc4drNmRl15zVQ2+D2uFwdlGh6IuK5AAnGTo2qPB1Djppj+t78rzw==

"@esbuild/linux-ppc64@0.25.6":
  version "0.25.6"
  resolved "https://mirrors.huaweicloud.com/repository/npm/@esbuild/linux-ppc64/-/linux-ppc64-0.25.6.tgz#477cbf8bb04aa034b94f362c32c86b5c31db8d3e"
  integrity sha512-wyYKZ9NTdmAMb5730I38lBqVu6cKl4ZfYXIs31Baf8aoOtB4xSGi3THmDYt4BTFHk7/EcVixkOV2uZfwU3Q2Jw==

"@esbuild/linux-riscv64@0.25.6":
  version "0.25.6"
  resolved "https://mirrors.huaweicloud.com/repository/npm/@esbuild/linux-riscv64/-/linux-riscv64-0.25.6.tgz#bcdb46c8fb8e93aa779e9a0a62cd4ac00dcac626"
  integrity sha512-KZh7bAGGcrinEj4qzilJ4hqTY3Dg2U82c8bv+e1xqNqZCrCyc+TL9AUEn5WGKDzm3CfC5RODE/qc96OcbIe33w==

"@esbuild/linux-s390x@0.25.6":
  version "0.25.6"
  resolved "https://mirrors.huaweicloud.com/repository/npm/@esbuild/linux-s390x/-/linux-s390x-0.25.6.tgz#f412cf5fdf0aea849ff51c73fd817c6c0234d46d"
  integrity sha512-9N1LsTwAuE9oj6lHMyyAM+ucxGiVnEqUdp4v7IaMmrwb06ZTEVCIs3oPPplVsnjPfyjmxwHxHMF8b6vzUVAUGw==

"@esbuild/linux-x64@0.25.6":
  version "0.25.6"
  resolved "https://mirrors.huaweicloud.com/repository/npm/@esbuild/linux-x64/-/linux-x64-0.25.6.tgz#d8233c09b5ebc0c855712dc5eeb835a3a3341108"
  integrity sha512-A6bJB41b4lKFWRKNrWoP2LHsjVzNiaurf7wyj/XtFNTsnPuxwEBWHLty+ZE0dWBKuSK1fvKgrKaNjBS7qbFKig==

"@esbuild/netbsd-arm64@0.25.6":
  version "0.25.6"
  resolved "https://mirrors.huaweicloud.com/repository/npm/@esbuild/netbsd-arm64/-/netbsd-arm64-0.25.6.tgz#f51ae8dd1474172e73cf9cbaf8a38d1c72dd8f1a"
  integrity sha512-IjA+DcwoVpjEvyxZddDqBY+uJ2Snc6duLpjmkXm/v4xuS3H+3FkLZlDm9ZsAbF9rsfP3zeA0/ArNDORZgrxR/Q==

"@esbuild/netbsd-x64@0.25.6":
  version "0.25.6"
  resolved "https://mirrors.huaweicloud.com/repository/npm/@esbuild/netbsd-x64/-/netbsd-x64-0.25.6.tgz#a267538602c0e50a858cf41dcfe5d8036f8da8e7"
  integrity sha512-dUXuZr5WenIDlMHdMkvDc1FAu4xdWixTCRgP7RQLBOkkGgwuuzaGSYcOpW4jFxzpzL1ejb8yF620UxAqnBrR9g==

"@esbuild/openbsd-arm64@0.25.6":
  version "0.25.6"
  resolved "https://mirrors.huaweicloud.com/repository/npm/@esbuild/openbsd-arm64/-/openbsd-arm64-0.25.6.tgz#a51be60c425b85c216479b8c344ad0511635f2d2"
  integrity sha512-l8ZCvXP0tbTJ3iaqdNf3pjaOSd5ex/e6/omLIQCVBLmHTlfXW3zAxQ4fnDmPLOB1x9xrcSi/xtCWFwCZRIaEwg==

"@esbuild/openbsd-x64@0.25.6":
  version "0.25.6"
  resolved "https://mirrors.huaweicloud.com/repository/npm/@esbuild/openbsd-x64/-/openbsd-x64-0.25.6.tgz#7e4a743c73f75562e29223ba69d0be6c9c9008da"
  integrity sha512-hKrmDa0aOFOr71KQ/19JC7az1P0GWtCN1t2ahYAf4O007DHZt/dW8ym5+CUdJhQ/qkZmI1HAF8KkJbEFtCL7gw==

"@esbuild/openharmony-arm64@0.25.6":
  version "0.25.6"
  resolved "https://mirrors.huaweicloud.com/repository/npm/@esbuild/openharmony-arm64/-/openharmony-arm64-0.25.6.tgz#2087a5028f387879154ebf44bdedfafa17682e5b"
  integrity sha512-+SqBcAWoB1fYKmpWoQP4pGtx+pUUC//RNYhFdbcSA16617cchuryuhOCRpPsjCblKukAckWsV+aQ3UKT/RMPcA==

"@esbuild/sunos-x64@0.25.6":
  version "0.25.6"
  resolved "https://mirrors.huaweicloud.com/repository/npm/@esbuild/sunos-x64/-/sunos-x64-0.25.6.tgz#56531f861723ea0dc6283a2bb8837304223cb736"
  integrity sha512-dyCGxv1/Br7MiSC42qinGL8KkG4kX0pEsdb0+TKhmJZgCUDBGmyo1/ArCjNGiOLiIAgdbWgmWgib4HoCi5t7kA==

"@esbuild/win32-arm64@0.25.6":
  version "0.25.6"
  resolved "https://mirrors.huaweicloud.com/repository/npm/@esbuild/win32-arm64/-/win32-arm64-0.25.6.tgz#f4989f033deac6fae323acff58764fa8bc01436e"
  integrity sha512-42QOgcZeZOvXfsCBJF5Afw73t4veOId//XD3i+/9gSkhSV6Gk3VPlWncctI+JcOyERv85FUo7RxuxGy+z8A43Q==

"@esbuild/win32-ia32@0.25.6":
  version "0.25.6"
  resolved "https://mirrors.huaweicloud.com/repository/npm/@esbuild/win32-ia32/-/win32-ia32-0.25.6.tgz#b260e9df71e3939eb33925076d39f63cec7d1525"
  integrity sha512-4AWhgXmDuYN7rJI6ORB+uU9DHLq/erBbuMoAuB4VWJTu5KtCgcKYPynF0YI1VkBNuEfjNlLrFr9KZPJzrtLkrQ==

"@esbuild/win32-x64@0.25.6":
  version "0.25.6"
  resolved "https://mirrors.huaweicloud.com/repository/npm/@esbuild/win32-x64/-/win32-x64-0.25.6.tgz#4276edd5c105bc28b11c6a1f76fb9d29d1bd25c1"
  integrity sha512-NgJPHHbEpLQgDH2MjQu90pzW/5vvXIZ7KOnPyNBm92A6WgZ/7b6fJyUBjoumLqeOQQGqY2QjQxRo97ah4Sj0cA==

"@floating-ui/core@^1.7.2":
  version "1.7.2"
  resolved "https://mirrors.huaweicloud.com/repository/npm/@floating-ui/core/-/core-1.7.2.tgz"
  integrity sha512-wNB5ooIKHQc+Kui96jE/n69rHFWAVoxn5CAzL1Xdd8FG03cgY3MLO+GF9U3W737fYDSgPWA6MReKhBQBop6Pcw==
  dependencies:
    "@floating-ui/utils" "^0.2.10"

"@floating-ui/dom@^1.0.1":
  version "1.7.2"
  resolved "https://mirrors.huaweicloud.com/repository/npm/@floating-ui/dom/-/dom-1.7.2.tgz"
  integrity sha512-7cfaOQuCS27HD7DX+6ib2OrnW+b4ZBwDNnCcT0uTyidcmyWb03FnQqJybDBoCnpdxwBSfA94UAYlRCt7mV+TbA==
  dependencies:
    "@floating-ui/core" "^1.7.2"
    "@floating-ui/utils" "^0.2.10"

"@floating-ui/utils@^0.2.10":
  version "0.2.10"
  resolved "https://mirrors.huaweicloud.com/repository/npm/@floating-ui/utils/-/utils-0.2.10.tgz"
  integrity sha512-aGTxbpbg8/b5JfU1HXSrbH3wXZuLPJcNEcZQFMxLs3oSzgtVu6nFPkbbGGUvBcUjKV2YyB9Wxxabo+HEH9tcRQ==

"@jridgewell/sourcemap-codec@^1.5.0":
  version "1.5.4"
  resolved "https://mirrors.huaweicloud.com/repository/npm/@jridgewell/sourcemap-codec/-/sourcemap-codec-1.5.4.tgz"
  integrity sha512-VT2+G1VQs/9oz078bLrYbecdZKs912zQlkelYpuf+SXF+QvZDYJlbx/LSx+meSAwdDFnF8FVXW92AVjjkVmgFw==

"@popperjs/core@npm:@sxzz/popperjs-es@^2.11.7":
  version "2.11.7"
  resolved "https://mirrors.huaweicloud.com/repository/npm/@sxzz/popperjs-es/-/popperjs-es-2.11.7.tgz"
  integrity sha512-Ccy0NlLkzr0Ex2FKvh2X+OyERHXJ88XJ1MXtsI9y9fGexlaXaVTPzBCRBwIxFkORuOb+uBqeu+RqnpgYTEZRUQ==

"@rollup/rollup-android-arm-eabi@4.44.2":
  version "4.44.2"
  resolved "https://mirrors.huaweicloud.com/repository/npm/@rollup/rollup-android-arm-eabi/-/rollup-android-arm-eabi-4.44.2.tgz#6819b7f1e41a49af566f629a1556eaeea774d043"
  integrity sha512-g0dF8P1e2QYPOj1gu7s/3LVP6kze9A7m6x0BZ9iTdXK8N5c2V7cpBKHV3/9A4Zd8xxavdhK0t4PnqjkqVmUc9Q==

"@rollup/rollup-android-arm64@4.44.2":
  version "4.44.2"
  resolved "https://mirrors.huaweicloud.com/repository/npm/@rollup/rollup-android-arm64/-/rollup-android-arm64-4.44.2.tgz#7bd5591af68c64a75be1779e2b20f187878daba9"
  integrity sha512-Yt5MKrOosSbSaAK5Y4J+vSiID57sOvpBNBR6K7xAaQvk3MkcNVV0f9fE20T+41WYN8hDn6SGFlFrKudtx4EoxA==

"@rollup/rollup-darwin-arm64@4.44.2":
  version "4.44.2"
  resolved "https://mirrors.huaweicloud.com/repository/npm/@rollup/rollup-darwin-arm64/-/rollup-darwin-arm64-4.44.2.tgz"
  integrity sha512-EsnFot9ZieM35YNA26nhbLTJBHD0jTwWpPwmRVDzjylQT6gkar+zenfb8mHxWpRrbn+WytRRjE0WKsfaxBkVUA==

"@rollup/rollup-darwin-x64@4.44.2":
  version "4.44.2"
  resolved "https://mirrors.huaweicloud.com/repository/npm/@rollup/rollup-darwin-x64/-/rollup-darwin-x64-4.44.2.tgz#202f80eea3acfe3f67496fedffa006a5f1ce7f5a"
  integrity sha512-dv/t1t1RkCvJdWWxQ2lWOO+b7cMsVw5YFaS04oHpZRWehI1h0fV1gF4wgGCTyQHHjJDfbNpwOi6PXEafRBBezw==

"@rollup/rollup-freebsd-arm64@4.44.2":
  version "4.44.2"
  resolved "https://mirrors.huaweicloud.com/repository/npm/@rollup/rollup-freebsd-arm64/-/rollup-freebsd-arm64-4.44.2.tgz#4880f9769f1a7eec436b9c146e1d714338c26567"
  integrity sha512-W4tt4BLorKND4qeHElxDoim0+BsprFTwb+vriVQnFFtT/P6v/xO5I99xvYnVzKWrK6j7Hb0yp3x7V5LUbaeOMg==

"@rollup/rollup-freebsd-x64@4.44.2":
  version "4.44.2"
  resolved "https://mirrors.huaweicloud.com/repository/npm/@rollup/rollup-freebsd-x64/-/rollup-freebsd-x64-4.44.2.tgz#647d6e333349b1c0fb322c2827ba1a53a0f10301"
  integrity sha512-tdT1PHopokkuBVyHjvYehnIe20fxibxFCEhQP/96MDSOcyjM/shlTkZZLOufV3qO6/FQOSiJTBebhVc12JyPTA==

"@rollup/rollup-linux-arm-gnueabihf@4.44.2":
  version "4.44.2"
  resolved "https://mirrors.huaweicloud.com/repository/npm/@rollup/rollup-linux-arm-gnueabihf/-/rollup-linux-arm-gnueabihf-4.44.2.tgz#7ba5c97a7224f49618861d093c4a7b40fa50867b"
  integrity sha512-+xmiDGGaSfIIOXMzkhJ++Oa0Gwvl9oXUeIiwarsdRXSe27HUIvjbSIpPxvnNsRebsNdUo7uAiQVgBD1hVriwSQ==

"@rollup/rollup-linux-arm-musleabihf@4.44.2":
  version "4.44.2"
  resolved "https://mirrors.huaweicloud.com/repository/npm/@rollup/rollup-linux-arm-musleabihf/-/rollup-linux-arm-musleabihf-4.44.2.tgz#f858dcf498299d6c625ec697a5191e0e41423905"
  integrity sha512-bDHvhzOfORk3wt8yxIra8N4k/N0MnKInCW5OGZaeDYa/hMrdPaJzo7CSkjKZqX4JFUWjUGm88lI6QJLCM7lDrA==

"@rollup/rollup-linux-arm64-gnu@4.44.2":
  version "4.44.2"
  resolved "https://mirrors.huaweicloud.com/repository/npm/@rollup/rollup-linux-arm64-gnu/-/rollup-linux-arm64-gnu-4.44.2.tgz#c0f1fc20c50666c61f574536a00cdd486b6aaae1"
  integrity sha512-NMsDEsDiYghTbeZWEGnNi4F0hSbGnsuOG+VnNvxkKg0IGDvFh7UVpM/14mnMwxRxUf9AdAVJgHPvKXf6FpMB7A==

"@rollup/rollup-linux-arm64-musl@4.44.2":
  version "4.44.2"
  resolved "https://mirrors.huaweicloud.com/repository/npm/@rollup/rollup-linux-arm64-musl/-/rollup-linux-arm64-musl-4.44.2.tgz#0214efc3e404ddf108e946ad5f7e4ee2792a155a"
  integrity sha512-lb5bxXnxXglVq+7imxykIp5xMq+idehfl+wOgiiix0191av84OqbjUED+PRC5OA8eFJYj5xAGcpAZ0pF2MnW+A==

"@rollup/rollup-linux-loongarch64-gnu@4.44.2":
  version "4.44.2"
  resolved "https://mirrors.huaweicloud.com/repository/npm/@rollup/rollup-linux-loongarch64-gnu/-/rollup-linux-loongarch64-gnu-4.44.2.tgz#8303c4ea2ae7bcbb96b2c77cfb53527d964bfceb"
  integrity sha512-Yl5Rdpf9pIc4GW1PmkUGHdMtbx0fBLE1//SxDmuf3X0dUC57+zMepow2LK0V21661cjXdTn8hO2tXDdAWAqE5g==

"@rollup/rollup-linux-powerpc64le-gnu@4.44.2":
  version "4.44.2"
  resolved "https://mirrors.huaweicloud.com/repository/npm/@rollup/rollup-linux-powerpc64le-gnu/-/rollup-linux-powerpc64le-gnu-4.44.2.tgz#4197ffbc61809629094c0fccf825e43a40fbc0ca"
  integrity sha512-03vUDH+w55s680YYryyr78jsO1RWU9ocRMaeV2vMniJJW/6HhoTBwyyiiTPVHNWLnhsnwcQ0oH3S9JSBEKuyqw==

"@rollup/rollup-linux-riscv64-gnu@4.44.2":
  version "4.44.2"
  resolved "https://mirrors.huaweicloud.com/repository/npm/@rollup/rollup-linux-riscv64-gnu/-/rollup-linux-riscv64-gnu-4.44.2.tgz#bcb99c9004c9b91e3704a6a70c892cb0599b1f42"
  integrity sha512-iYtAqBg5eEMG4dEfVlkqo05xMOk6y/JXIToRca2bAWuqjrJYJlx/I7+Z+4hSrsWU8GdJDFPL4ktV3dy4yBSrzg==

"@rollup/rollup-linux-riscv64-musl@4.44.2":
  version "4.44.2"
  resolved "https://mirrors.huaweicloud.com/repository/npm/@rollup/rollup-linux-riscv64-musl/-/rollup-linux-riscv64-musl-4.44.2.tgz#3e943bae9b8b4637c573c1922392beb8a5e81acb"
  integrity sha512-e6vEbgaaqz2yEHqtkPXa28fFuBGmUJ0N2dOJK8YUfijejInt9gfCSA7YDdJ4nYlv67JfP3+PSWFX4IVw/xRIPg==

"@rollup/rollup-linux-s390x-gnu@4.44.2":
  version "4.44.2"
  resolved "https://mirrors.huaweicloud.com/repository/npm/@rollup/rollup-linux-s390x-gnu/-/rollup-linux-s390x-gnu-4.44.2.tgz#dc43fb467bff9547f5b9937f38668da07fa8fa9f"
  integrity sha512-evFOtkmVdY3udE+0QKrV5wBx7bKI0iHz5yEVx5WqDJkxp9YQefy4Mpx3RajIVcM6o7jxTvVd/qpC1IXUhGc1Mw==

"@rollup/rollup-linux-x64-gnu@4.44.2":
  version "4.44.2"
  resolved "https://mirrors.huaweicloud.com/repository/npm/@rollup/rollup-linux-x64-gnu/-/rollup-linux-x64-gnu-4.44.2.tgz#0699c560fa6ce6b846581a7e6c30c85c22a3f0da"
  integrity sha512-/bXb0bEsWMyEkIsUL2Yt5nFB5naLAwyOWMEviQfQY1x3l5WsLKgvZf66TM7UTfED6erckUVUJQ/jJ1FSpm3pRQ==

"@rollup/rollup-linux-x64-musl@4.44.2":
  version "4.44.2"
  resolved "https://mirrors.huaweicloud.com/repository/npm/@rollup/rollup-linux-x64-musl/-/rollup-linux-x64-musl-4.44.2.tgz#9fb1becedcdc9e227d4748576eb8ba2fad8d2e29"
  integrity sha512-3D3OB1vSSBXmkGEZR27uiMRNiwN08/RVAcBKwhUYPaiZ8bcvdeEwWPvbnXvvXHY+A/7xluzcN+kaiOFNiOZwWg==

"@rollup/rollup-win32-arm64-msvc@4.44.2":
  version "4.44.2"
  resolved "https://mirrors.huaweicloud.com/repository/npm/@rollup/rollup-win32-arm64-msvc/-/rollup-win32-arm64-msvc-4.44.2.tgz#fcf3e62edd76c560252b819f69627685f65887d7"
  integrity sha512-VfU0fsMK+rwdK8mwODqYeM2hDrF2WiHaSmCBrS7gColkQft95/8tphyzv2EupVxn3iE0FI78wzffoULH1G+dkw==

"@rollup/rollup-win32-ia32-msvc@4.44.2":
  version "4.44.2"
  resolved "https://mirrors.huaweicloud.com/repository/npm/@rollup/rollup-win32-ia32-msvc/-/rollup-win32-ia32-msvc-4.44.2.tgz#45a5304491d6da4666f6159be4f739d4d43a283f"
  integrity sha512-+qMUrkbUurpE6DVRjiJCNGZBGo9xM4Y0FXU5cjgudWqIBWbcLkjE3XprJUsOFgC6xjBClwVa9k6O3A7K3vxb5Q==

"@rollup/rollup-win32-x64-msvc@4.44.2":
  version "4.44.2"
  resolved "https://mirrors.huaweicloud.com/repository/npm/@rollup/rollup-win32-x64-msvc/-/rollup-win32-x64-msvc-4.44.2.tgz#660018c9696ad4f48abe8c5d56db53c81aadba25"
  integrity sha512-3+QZROYfJ25PDcxFF66UEk8jGWigHJeecZILvkPkyQN7oc5BvFo4YEXFkOs154j3FTMp9mn9Ky8RCOwastduEA==

"@tauri-apps/api@^2", "@tauri-apps/api@^2.6.0":
  version "2.6.0"
  resolved "https://mirrors.huaweicloud.com/repository/npm/@tauri-apps/api/-/api-2.6.0.tgz"
  integrity sha512-hRNcdercfgpzgFrMXWwNDBN0B7vNzOzRepy6ZAmhxi5mDLVPNrTpo9MGg2tN/F7JRugj4d2aF7E1rtPXAHaetg==

"@tauri-apps/cli-darwin-arm64@2.6.2":
  version "2.6.2"
  resolved "https://mirrors.huaweicloud.com/repository/npm/@tauri-apps/cli-darwin-arm64/-/cli-darwin-arm64-2.6.2.tgz"
  integrity sha512-YlvT+Yb7u2HplyN2Cf/nBplCQARC/I4uedlYHlgtxg6rV7xbo9BvG1jLOo29IFhqA2rOp5w1LtgvVGwsOf2kxw==

"@tauri-apps/cli-darwin-x64@2.6.2":
  version "2.6.2"
  resolved "https://mirrors.huaweicloud.com/repository/npm/@tauri-apps/cli-darwin-x64/-/cli-darwin-x64-2.6.2.tgz#912e837cd012acda602abe471f1a00f4aabed1c9"
  integrity sha512-21gdPWfv1bP8rkTdCL44in70QcYcPaDM70L+y78N8TkBuC+/+wqnHcwwjzb+mUyck6UoEw2DORagSI/oKKUGJw==

"@tauri-apps/cli-linux-arm-gnueabihf@2.6.2":
  version "2.6.2"
  resolved "https://mirrors.huaweicloud.com/repository/npm/@tauri-apps/cli-linux-arm-gnueabihf/-/cli-linux-arm-gnueabihf-2.6.2.tgz#8d97af536341b4d4cfe34933b721063ef0098083"
  integrity sha512-MW8Y6HqHS5yzQkwGoLk/ZyE1tWpnz/seDoY4INsbvUZdknuUf80yn3H+s6eGKtT/0Bfqon/W9sY7pEkgHRPQgA==

"@tauri-apps/cli-linux-arm64-gnu@2.6.2":
  version "2.6.2"
  resolved "https://mirrors.huaweicloud.com/repository/npm/@tauri-apps/cli-linux-arm64-gnu/-/cli-linux-arm64-gnu-2.6.2.tgz#c1c082a5907b615bd89a0b91f075b4d2853a4cf5"
  integrity sha512-9PdINTUtnyrnQt9hvC4y1m0NoxKSw/wUB9OTBAQabPj8WLAdvySWiUpEiqJjwLhlu4T6ltXZRpNTEzous3/RXg==

"@tauri-apps/cli-linux-arm64-musl@2.6.2":
  version "2.6.2"
  resolved "https://mirrors.huaweicloud.com/repository/npm/@tauri-apps/cli-linux-arm64-musl/-/cli-linux-arm64-musl-2.6.2.tgz#817fcee593e8a81f575200ef52f063e7d78bfbdc"
  integrity sha512-LrcJTRr7FrtQlTDkYaRXIGo/8YU/xkWmBPC646WwKNZ/S6yqCiDcOMoPe7Cx4ZvcG6sK6LUCLQMfaSNEL7PT0A==

"@tauri-apps/cli-linux-riscv64-gnu@2.6.2":
  version "2.6.2"
  resolved "https://mirrors.huaweicloud.com/repository/npm/@tauri-apps/cli-linux-riscv64-gnu/-/cli-linux-riscv64-gnu-2.6.2.tgz#e1b6195c9c8c548c01352227cdaed4b55270cf3b"
  integrity sha512-GnTshO/BaZ9KGIazz2EiFfXGWgLur5/pjqklRA/ck42PGdUQJhV/Ao7A7TdXPjqAzpFxNo6M/Hx0GCH2iMS7IA==

"@tauri-apps/cli-linux-x64-gnu@2.6.2":
  version "2.6.2"
  resolved "https://mirrors.huaweicloud.com/repository/npm/@tauri-apps/cli-linux-x64-gnu/-/cli-linux-x64-gnu-2.6.2.tgz#c87f22fb8cea94ea57a96873dc17b16761f1d8e4"
  integrity sha512-QDG3WeJD6UJekmrtVPCJRzlKgn9sGzhvD58oAw5gIU+DRovgmmG2U1jH9fS361oYGjWWO7d/KM9t0kugZzi4lQ==

"@tauri-apps/cli-linux-x64-musl@2.6.2":
  version "2.6.2"
  resolved "https://mirrors.huaweicloud.com/repository/npm/@tauri-apps/cli-linux-x64-musl/-/cli-linux-x64-musl-2.6.2.tgz#57d225784f564bef8c036d4f77699689f253555a"
  integrity sha512-TNVTDDtnWzuVqWBFdZ4+8ZTg17tc21v+CT5XBQ+KYCoYtCrIaHpW04fS5Tmudi+vYdBwoPDfwpKEB6LhCeFraQ==

"@tauri-apps/cli-win32-arm64-msvc@2.6.2":
  version "2.6.2"
  resolved "https://mirrors.huaweicloud.com/repository/npm/@tauri-apps/cli-win32-arm64-msvc/-/cli-win32-arm64-msvc-2.6.2.tgz#a241cb96c23d43066117f0f786a13f8e77462ec3"
  integrity sha512-z77C1oa/hMLO/jM1JF39tK3M3v9nou7RsBnQoOY54z5WPcpVAbS0XdFhXB7sSN72BOiO3moDky9lQANQz6L3CA==

"@tauri-apps/cli-win32-ia32-msvc@2.6.2":
  version "2.6.2"
  resolved "https://mirrors.huaweicloud.com/repository/npm/@tauri-apps/cli-win32-ia32-msvc/-/cli-win32-ia32-msvc-2.6.2.tgz#3c7797f67118c91ba9d3156130df9bd4d1d7a49e"
  integrity sha512-TmD8BbzbjluBw8+QEIWUVmFa9aAluSkT1N937n1mpYLXcPbTpbunqRFiIznTwupoJNJIdtpF/t7BdZDRh5rrcg==

"@tauri-apps/cli-win32-x64-msvc@2.6.2":
  version "2.6.2"
  resolved "https://mirrors.huaweicloud.com/repository/npm/@tauri-apps/cli-win32-x64-msvc/-/cli-win32-x64-msvc-2.6.2.tgz#f019a0b53be85285b745dd1ac03eb3a35c06e613"
  integrity sha512-ItB8RCKk+nCmqOxOvbNtltz6x1A4QX6cSM21kj3NkpcnjT9rHSMcfyf8WVI2fkoMUJR80iqCblUX6ARxC3lj6w==

"@tauri-apps/cli@^2":
  version "2.6.2"
  resolved "https://mirrors.huaweicloud.com/repository/npm/@tauri-apps/cli/-/cli-2.6.2.tgz"
  integrity sha512-s1/eyBHxk0wG1blLeOY2IDjgZcxVrkxU5HFL8rNDwjYGr0o7yr3RAtwmuUPhz13NO+xGAL1bJZaLFBdp+5joKg==
  optionalDependencies:
    "@tauri-apps/cli-darwin-arm64" "2.6.2"
    "@tauri-apps/cli-darwin-x64" "2.6.2"
    "@tauri-apps/cli-linux-arm-gnueabihf" "2.6.2"
    "@tauri-apps/cli-linux-arm64-gnu" "2.6.2"
    "@tauri-apps/cli-linux-arm64-musl" "2.6.2"
    "@tauri-apps/cli-linux-riscv64-gnu" "2.6.2"
    "@tauri-apps/cli-linux-x64-gnu" "2.6.2"
    "@tauri-apps/cli-linux-x64-musl" "2.6.2"
    "@tauri-apps/cli-win32-arm64-msvc" "2.6.2"
    "@tauri-apps/cli-win32-ia32-msvc" "2.6.2"
    "@tauri-apps/cli-win32-x64-msvc" "2.6.2"

"@tauri-apps/plugin-opener@^2":
  version "2.4.0"
  resolved "https://mirrors.huaweicloud.com/repository/npm/@tauri-apps/plugin-opener/-/plugin-opener-2.4.0.tgz"
  integrity sha512-43VyN8JJtvKWJY72WI/KNZszTpDpzHULFxQs0CJBIYUdCRowQ6Q1feWTDb979N7nldqSuDOaBupZ6wz2nvuWwQ==
  dependencies:
    "@tauri-apps/api" "^2.6.0"

"@types/estree@1.0.8":
  version "1.0.8"
  resolved "https://mirrors.huaweicloud.com/repository/npm/@types/estree/-/estree-1.0.8.tgz"
  integrity sha512-dWHzHa2WqEXI/O1E9OjrocMTKJl2mSrEolh1Iomrv6U+JuNwaHXsXx9bLu5gG7BUWFIN0skIQJQ/L1rIex4X6w==

"@types/lodash-es@^4.17.6":
  version "4.17.12"
  resolved "https://mirrors.huaweicloud.com/repository/npm/@types/lodash-es/-/lodash-es-4.17.12.tgz"
  integrity sha512-0NgftHUcV4v34VhXm8QBSftKVXtbkBG3ViCjs6+eJ5a6y6Mi/jiFGPc1sC7QK+9BFhWrURE3EOggmWaSxL9OzQ==
  dependencies:
    "@types/lodash" "*"

"@types/lodash@*", "@types/lodash@^4.14.182":
  version "4.17.20"
  resolved "https://mirrors.huaweicloud.com/repository/npm/@types/lodash/-/lodash-4.17.20.tgz"
  integrity sha512-H3MHACvFUEiujabxhaI/ImO6gUrd8oOurg7LQtS7mbwIXA/cUqWrvBsaeJ23aZEPk1TAYkurjfMbSELfoCXlGA==

"@types/web-bluetooth@^0.0.16":
  version "0.0.16"
  resolved "https://mirrors.huaweicloud.com/repository/npm/@types/web-bluetooth/-/web-bluetooth-0.0.16.tgz"
  integrity sha512-oh8q2Zc32S6gd/j50GowEjKLoOVOwHP/bWVjKJInBwQqdOYMdPrf1oVlelTlyfFK3CKxL1uahMDAr+vy8T7yMQ==

"@vitejs/plugin-vue@^5.2.1":
  version "5.2.4"
  resolved "https://mirrors.huaweicloud.com/repository/npm/@vitejs/plugin-vue/-/plugin-vue-5.2.4.tgz"
  integrity sha512-7Yx/SXSOcQq5HiiV3orevHUFn+pmMB4cgbEkDYgnkUWb0WfeQ/wa2yFv6D5ICiCQOVpjA7vYDXrC7AGO8yjDHA==

"@volar/language-core@2.4.15":
  version "2.4.15"
  resolved "https://mirrors.huaweicloud.com/repository/npm/@volar/language-core/-/language-core-2.4.15.tgz"
  integrity sha512-3VHw+QZU0ZG9IuQmzT68IyN4hZNd9GchGPhbD9+pa8CVv7rnoOZwo7T8weIbrRmihqy3ATpdfXFnqRrfPVK6CA==
  dependencies:
    "@volar/source-map" "2.4.15"

"@volar/source-map@2.4.15":
  version "2.4.15"
  resolved "https://mirrors.huaweicloud.com/repository/npm/@volar/source-map/-/source-map-2.4.15.tgz"
  integrity sha512-CPbMWlUN6hVZJYGcU/GSoHu4EnCHiLaXI9n8c9la6RaI9W5JHX+NqG+GSQcB0JdC2FIBLdZJwGsfKyBB71VlTg==

"@volar/typescript@2.4.15":
  version "2.4.15"
  resolved "https://mirrors.huaweicloud.com/repository/npm/@volar/typescript/-/typescript-2.4.15.tgz"
  integrity sha512-2aZ8i0cqPGjXb4BhkMsPYDkkuc2ZQ6yOpqwAuNwUoncELqoy5fRgOQtLR9gB0g902iS0NAkvpIzs27geVyVdPg==
  dependencies:
    "@volar/language-core" "2.4.15"
    path-browserify "^1.0.1"
    vscode-uri "^3.0.8"

"@vue/compiler-core@3.5.17":
  version "3.5.17"
  resolved "https://mirrors.huaweicloud.com/repository/npm/@vue/compiler-core/-/compiler-core-3.5.17.tgz"
  integrity sha512-Xe+AittLbAyV0pabcN7cP7/BenRBNcteM4aSDCtRvGw0d9OL+HG1u/XHLY/kt1q4fyMeZYXyIYrsHuPSiDPosA==
  dependencies:
    "@babel/parser" "^7.27.5"
    "@vue/shared" "3.5.17"
    entities "^4.5.0"
    estree-walker "^2.0.2"
    source-map-js "^1.2.1"

"@vue/compiler-dom@3.5.17", "@vue/compiler-dom@^3.5.0":
  version "3.5.17"
  resolved "https://mirrors.huaweicloud.com/repository/npm/@vue/compiler-dom/-/compiler-dom-3.5.17.tgz"
  integrity sha512-+2UgfLKoaNLhgfhV5Ihnk6wB4ljyW1/7wUIog2puUqajiC29Lp5R/IKDdkebh9jTbTogTbsgB+OY9cEWzG95JQ==
  dependencies:
    "@vue/compiler-core" "3.5.17"
    "@vue/shared" "3.5.17"

"@vue/compiler-sfc@3.5.17":
  version "3.5.17"
  resolved "https://mirrors.huaweicloud.com/repository/npm/@vue/compiler-sfc/-/compiler-sfc-3.5.17.tgz"
  integrity sha512-rQQxbRJMgTqwRugtjw0cnyQv9cP4/4BxWfTdRBkqsTfLOHWykLzbOc3C4GGzAmdMDxhzU/1Ija5bTjMVrddqww==
  dependencies:
    "@babel/parser" "^7.27.5"
    "@vue/compiler-core" "3.5.17"
    "@vue/compiler-dom" "3.5.17"
    "@vue/compiler-ssr" "3.5.17"
    "@vue/shared" "3.5.17"
    estree-walker "^2.0.2"
    magic-string "^0.30.17"
    postcss "^8.5.6"
    source-map-js "^1.2.1"

"@vue/compiler-ssr@3.5.17":
  version "3.5.17"
  resolved "https://mirrors.huaweicloud.com/repository/npm/@vue/compiler-ssr/-/compiler-ssr-3.5.17.tgz"
  integrity sha512-hkDbA0Q20ZzGgpj5uZjb9rBzQtIHLS78mMilwrlpWk2Ep37DYntUz0PonQ6kr113vfOEdM+zTBuJDaceNIW0tQ==
  dependencies:
    "@vue/compiler-dom" "3.5.17"
    "@vue/shared" "3.5.17"

"@vue/compiler-vue2@^2.7.16":
  version "2.7.16"
  resolved "https://mirrors.huaweicloud.com/repository/npm/@vue/compiler-vue2/-/compiler-vue2-2.7.16.tgz"
  integrity sha512-qYC3Psj9S/mfu9uVi5WvNZIzq+xnXMhOwbTFKKDD7b1lhpnn71jXSFdTQ+WsIEk0ONCd7VV2IMm7ONl6tbQ86A==
  dependencies:
    de-indent "^1.0.2"
    he "^1.2.0"

"@vue/devtools-api@^6.6.4":
  version "6.6.4"
  resolved "https://mirrors.huaweicloud.com/repository/npm/@vue/devtools-api/-/devtools-api-6.6.4.tgz"
  integrity sha512-sGhTPMuXqZ1rVOk32RylztWkfXTRhuS7vgAKv0zjqk8gbsHkJ7xfFf+jbySxt7tWObEJwyKaHMikV/WGDiQm8g==

"@vue/language-core@2.2.12":
  version "2.2.12"
  resolved "https://mirrors.huaweicloud.com/repository/npm/@vue/language-core/-/language-core-2.2.12.tgz"
  integrity sha512-IsGljWbKGU1MZpBPN+BvPAdr55YPkj2nB/TBNGNC32Vy2qLG25DYu/NBN2vNtZqdRbTRjaoYrahLrToim2NanA==
  dependencies:
    "@volar/language-core" "2.4.15"
    "@vue/compiler-dom" "^3.5.0"
    "@vue/compiler-vue2" "^2.7.16"
    "@vue/shared" "^3.5.0"
    alien-signals "^1.0.3"
    minimatch "^9.0.3"
    muggle-string "^0.4.1"
    path-browserify "^1.0.1"

"@vue/reactivity@3.5.17":
  version "3.5.17"
  resolved "https://mirrors.huaweicloud.com/repository/npm/@vue/reactivity/-/reactivity-3.5.17.tgz"
  integrity sha512-l/rmw2STIscWi7SNJp708FK4Kofs97zc/5aEPQh4bOsReD/8ICuBcEmS7KGwDj5ODQLYWVN2lNibKJL1z5b+Lw==
  dependencies:
    "@vue/shared" "3.5.17"

"@vue/runtime-core@3.5.17":
  version "3.5.17"
  resolved "https://mirrors.huaweicloud.com/repository/npm/@vue/runtime-core/-/runtime-core-3.5.17.tgz"
  integrity sha512-QQLXa20dHg1R0ri4bjKeGFKEkJA7MMBxrKo2G+gJikmumRS7PTD4BOU9FKrDQWMKowz7frJJGqBffYMgQYS96Q==
  dependencies:
    "@vue/reactivity" "3.5.17"
    "@vue/shared" "3.5.17"

"@vue/runtime-dom@3.5.17":
  version "3.5.17"
  resolved "https://mirrors.huaweicloud.com/repository/npm/@vue/runtime-dom/-/runtime-dom-3.5.17.tgz"
  integrity sha512-8El0M60TcwZ1QMz4/os2MdlQECgGoVHPuLnQBU3m9h3gdNRW9xRmI8iLS4t/22OQlOE6aJvNNlBiCzPHur4H9g==
  dependencies:
    "@vue/reactivity" "3.5.17"
    "@vue/runtime-core" "3.5.17"
    "@vue/shared" "3.5.17"
    csstype "^3.1.3"

"@vue/server-renderer@3.5.17":
  version "3.5.17"
  resolved "https://mirrors.huaweicloud.com/repository/npm/@vue/server-renderer/-/server-renderer-3.5.17.tgz"
  integrity sha512-BOHhm8HalujY6lmC3DbqF6uXN/K00uWiEeF22LfEsm9Q93XeJ/plHTepGwf6tqFcF7GA5oGSSAAUock3VvzaCA==
  dependencies:
    "@vue/compiler-ssr" "3.5.17"
    "@vue/shared" "3.5.17"

"@vue/shared@3.5.17", "@vue/shared@^3.5.0":
  version "3.5.17"
  resolved "https://mirrors.huaweicloud.com/repository/npm/@vue/shared/-/shared-3.5.17.tgz"
  integrity sha512-CabR+UN630VnsJO/jHWYBC1YVXyMq94KKp6iF5MQgZJs5I8cmjw6oVMO1oDbtBkENSHSSn/UadWlW/OAgdmKrg==

"@vueuse/core@^9.1.0":
  version "9.13.0"
  resolved "https://mirrors.huaweicloud.com/repository/npm/@vueuse/core/-/core-9.13.0.tgz"
  integrity sha512-pujnclbeHWxxPRqXWmdkKV5OX4Wk4YeK7wusHqRwU0Q7EFusHoqNA/aPhB6KCh9hEqJkLAJo7bb0Lh9b+OIVzw==
  dependencies:
    "@types/web-bluetooth" "^0.0.16"
    "@vueuse/metadata" "9.13.0"
    "@vueuse/shared" "9.13.0"
    vue-demi "*"

"@vueuse/metadata@9.13.0":
  version "9.13.0"
  resolved "https://mirrors.huaweicloud.com/repository/npm/@vueuse/metadata/-/metadata-9.13.0.tgz"
  integrity sha512-gdU7TKNAUVlXXLbaF+ZCfte8BjRJQWPCa2J55+7/h+yDtzw3vOoGQDRXzI6pyKyo6bXFT5/QoPE4hAknExjRLQ==

"@vueuse/shared@9.13.0":
  version "9.13.0"
  resolved "https://mirrors.huaweicloud.com/repository/npm/@vueuse/shared/-/shared-9.13.0.tgz"
  integrity sha512-UrnhU+Cnufu4S6JLCPZnkWh0WwZGUp72ktOF2DFptMlOs3TOdVv8xJN53zhHGARmVOsz5KqOls09+J1NR6sBKw==
  dependencies:
    vue-demi "*"

alien-signals@^1.0.3:
  version "1.0.13"
  resolved "https://mirrors.huaweicloud.com/repository/npm/alien-signals/-/alien-signals-1.0.13.tgz"
  integrity sha512-OGj9yyTnJEttvzhTUWuscOvtqxq5vrhF7vL9oS0xJ2mK0ItPYP1/y+vCFebfxoEyAz0++1AIwJ5CMr+Fk3nDmg==

async-validator@^4.2.5:
  version "4.2.5"
  resolved "https://mirrors.huaweicloud.com/repository/npm/async-validator/-/async-validator-4.2.5.tgz"
  integrity sha512-7HhHjtERjqlNbZtqNqy2rckN/SpOOlmDliet+lP7k+eKZEjPk3DgyeU9lIXLdeLz0uBbbVp+9Qdow9wJWgwwfg==

balanced-match@^1.0.0:
  version "1.0.2"
  resolved "https://mirrors.huaweicloud.com/repository/npm/balanced-match/-/balanced-match-1.0.2.tgz"
  integrity sha512-3oSeUO0TMV67hN1AmbXsK4yaqU7tjiHlbxRDZOpH0KW9+CeX4bRAaX0Anxt0tx2MrpRpWwQaPwIlISEJhYU5Pw==

brace-expansion@^2.0.1:
  version "2.0.2"
  resolved "https://mirrors.huaweicloud.com/repository/npm/brace-expansion/-/brace-expansion-2.0.2.tgz"
  integrity sha512-Jt0vHyM+jmUBqojB7E1NIYadt0vI0Qxjxd2TErW94wDz+E2LAm5vKMXXwg6ZZBTHPuUlDgQHKXvjGBdfcF1ZDQ==
  dependencies:
    balanced-match "^1.0.0"

csstype@^3.1.3:
  version "3.1.3"
  resolved "https://mirrors.huaweicloud.com/repository/npm/csstype/-/csstype-3.1.3.tgz"
  integrity sha512-M1uQkMl8rQK/szD0LNhtqxIPLpimGm8sOBwU7lLnCpSbTyY3yeU1Vc7l4KT5zT4s/yOxHH5O7tIuuLOCnLADRw==

dayjs@^1.11.13:
  version "1.11.13"
  resolved "https://mirrors.huaweicloud.com/repository/npm/dayjs/-/dayjs-1.11.13.tgz"
  integrity sha512-oaMBel6gjolK862uaPQOVTA7q3TZhuSvuMQAAglQDOWYO9A91IrAOUJEyKVlqJlHE0vq5p5UXxzdPfMH/x6xNg==

de-indent@^1.0.2:
  version "1.0.2"
  resolved "https://mirrors.huaweicloud.com/repository/npm/de-indent/-/de-indent-1.0.2.tgz"
  integrity sha512-e/1zu3xH5MQryN2zdVaF0OrdNLUbvWxzMbi+iNA6Bky7l1RoP8a2fIbRocyHclXt/arDrrR6lL3TqFD9pMQTsg==

element-plus@^2.10.3:
  version "2.10.3"
  resolved "https://mirrors.huaweicloud.com/repository/npm/element-plus/-/element-plus-2.10.3.tgz"
  integrity sha512-OLpf0iekuvWJrz1+H9ybvem6TYTKSNk6L1QDA3tYq2YWbogKXJnWpHG1UAGKR1B7gx+vUH7M15VIH3EijE9Kgw==
  dependencies:
    "@ctrl/tinycolor" "^3.4.1"
    "@element-plus/icons-vue" "^2.3.1"
    "@floating-ui/dom" "^1.0.1"
    "@popperjs/core" "npm:@sxzz/popperjs-es@^2.11.7"
    "@types/lodash" "^4.14.182"
    "@types/lodash-es" "^4.17.6"
    "@vueuse/core" "^9.1.0"
    async-validator "^4.2.5"
    dayjs "^1.11.13"
    escape-html "^1.0.3"
    lodash "^4.17.21"
    lodash-es "^4.17.21"
    lodash-unified "^1.0.2"
    memoize-one "^6.0.0"
    normalize-wheel-es "^1.2.0"

entities@^4.5.0:
  version "4.5.0"
  resolved "https://mirrors.huaweicloud.com/repository/npm/entities/-/entities-4.5.0.tgz"
  integrity sha512-V0hjH4dGPh9Ao5p0MoRY6BVqtwCjhz6vI5LT8AJ55H+4g9/4vbHx1I54fS0XuclLhDHArPQCiMjDxjaL8fPxhw==

esbuild@^0.25.0:
  version "0.25.6"
  resolved "https://mirrors.huaweicloud.com/repository/npm/esbuild/-/esbuild-0.25.6.tgz"
  integrity sha512-GVuzuUwtdsghE3ocJ9Bs8PNoF13HNQ5TXbEi2AhvVb8xU1Iwt9Fos9FEamfoee+u/TOsn7GUWc04lz46n2bbTg==
  optionalDependencies:
    "@esbuild/aix-ppc64" "0.25.6"
    "@esbuild/android-arm" "0.25.6"
    "@esbuild/android-arm64" "0.25.6"
    "@esbuild/android-x64" "0.25.6"
    "@esbuild/darwin-arm64" "0.25.6"
    "@esbuild/darwin-x64" "0.25.6"
    "@esbuild/freebsd-arm64" "0.25.6"
    "@esbuild/freebsd-x64" "0.25.6"
    "@esbuild/linux-arm" "0.25.6"
    "@esbuild/linux-arm64" "0.25.6"
    "@esbuild/linux-ia32" "0.25.6"
    "@esbuild/linux-loong64" "0.25.6"
    "@esbuild/linux-mips64el" "0.25.6"
    "@esbuild/linux-ppc64" "0.25.6"
    "@esbuild/linux-riscv64" "0.25.6"
    "@esbuild/linux-s390x" "0.25.6"
    "@esbuild/linux-x64" "0.25.6"
    "@esbuild/netbsd-arm64" "0.25.6"
    "@esbuild/netbsd-x64" "0.25.6"
    "@esbuild/openbsd-arm64" "0.25.6"
    "@esbuild/openbsd-x64" "0.25.6"
    "@esbuild/openharmony-arm64" "0.25.6"
    "@esbuild/sunos-x64" "0.25.6"
    "@esbuild/win32-arm64" "0.25.6"
    "@esbuild/win32-ia32" "0.25.6"
    "@esbuild/win32-x64" "0.25.6"

escape-html@^1.0.3:
  version "1.0.3"
  resolved "https://mirrors.huaweicloud.com/repository/npm/escape-html/-/escape-html-1.0.3.tgz"
  integrity sha512-NiSupZ4OeuGwr68lGIeym/ksIZMJodUGOSCZ/FSnTxcrekbvqrgdUxlJOMpijaKZVjAJrWrGs/6Jy8OMuyj9ow==

estree-walker@^2.0.2:
  version "2.0.2"
  resolved "https://mirrors.huaweicloud.com/repository/npm/estree-walker/-/estree-walker-2.0.2.tgz"
  integrity sha512-Rfkk/Mp/DL7JVje3u18FxFujQlTNR2q6QfMSMB7AvCBx91NGj/ba3kCfza0f6dVDbw7YlRf/nDrn7pQrCCyQ/w==

fdir@^6.4.4:
  version "6.4.6"
  resolved "https://mirrors.huaweicloud.com/repository/npm/fdir/-/fdir-6.4.6.tgz"
  integrity sha512-hiFoqpyZcfNm1yc4u8oWCf9A2c4D3QjCrks3zmoVKVxpQRzmPNar1hUJcBG2RQHvEVGDN+Jm81ZheVLAQMK6+w==

fsevents@~2.3.2, fsevents@~2.3.3:
  version "2.3.3"
  resolved "https://mirrors.huaweicloud.com/repository/npm/fsevents/-/fsevents-2.3.3.tgz"
  integrity sha512-5xoDfX+fL7faATnagmWPpbFtwh/R77WmMMqqHGS65C3vvB0YHrgF+B1YmZ3441tMj5n63k0212XNoJwzlhffQw==

he@^1.2.0:
  version "1.2.0"
  resolved "https://mirrors.huaweicloud.com/repository/npm/he/-/he-1.2.0.tgz"
  integrity sha512-F/1DnUGPopORZi0ni+CvrCgHQ5FyEAHRLSApuYWMmrbSwoN2Mn/7k+Gl38gJnR7yyDZk6WLXwiGod1JOWNDKGw==

lodash-es@^4.17.21:
  version "4.17.21"
  resolved "https://mirrors.huaweicloud.com/repository/npm/lodash-es/-/lodash-es-4.17.21.tgz"
  integrity sha512-mKnC+QJ9pWVzv+C4/U3rRsHapFfHvQFoFB92e52xeyGMcX6/OlIl78je1u8vePzYZSkkogMPJ2yjxxsb89cxyw==

lodash-unified@^1.0.2:
  version "1.0.3"
  resolved "https://mirrors.huaweicloud.com/repository/npm/lodash-unified/-/lodash-unified-1.0.3.tgz"
  integrity sha512-WK9qSozxXOD7ZJQlpSqOT+om2ZfcT4yO+03FuzAHD0wF6S0l0090LRPDx3vhTTLZ8cFKpBn+IOcVXK6qOcIlfQ==

lodash@^4.17.21:
  version "4.17.21"
  resolved "https://mirrors.huaweicloud.com/repository/npm/lodash/-/lodash-4.17.21.tgz"
  integrity sha512-v2kDEe57lecTulaDIuNTPy3Ry4gLGJ6Z1O3vE1krgXZNrsQ+LFTGHVxVjcXPs17LhbZVGedAJv8XZ1tvj5FvSg==

magic-string@^0.30.17:
  version "0.30.17"
  resolved "https://mirrors.huaweicloud.com/repository/npm/magic-string/-/magic-string-0.30.17.tgz"
  integrity sha512-sNPKHvyjVf7gyjwS4xGTaW/mCnF8wnjtifKBEhxfZ7E/S8tQ0rssrwGNn6q8JH/ohItJfSQp9mBtQYuTlH5QnA==
  dependencies:
    "@jridgewell/sourcemap-codec" "^1.5.0"

memoize-one@^6.0.0:
  version "6.0.0"
  resolved "https://mirrors.huaweicloud.com/repository/npm/memoize-one/-/memoize-one-6.0.0.tgz"
  integrity sha512-rkpe71W0N0c0Xz6QD0eJETuWAJGnJ9afsl1srmwPrI+yBCkge5EycXXbYRyvL29zZVUWQCY7InPRCv3GDXuZNw==

minimatch@^9.0.3:
  version "9.0.5"
  resolved "https://mirrors.huaweicloud.com/repository/npm/minimatch/-/minimatch-9.0.5.tgz"
  integrity sha512-G6T0ZX48xgozx7587koeX9Ys2NYy6Gmv//P89sEte9V9whIapMNF4idKxnW2QtCcLiTWlb/wfCabAtAFWhhBow==
  dependencies:
    brace-expansion "^2.0.1"

muggle-string@^0.4.1:
  version "0.4.1"
  resolved "https://mirrors.huaweicloud.com/repository/npm/muggle-string/-/muggle-string-0.4.1.tgz"
  integrity sha512-VNTrAak/KhO2i8dqqnqnAHOa3cYBwXEZe9h+D5h/1ZqFSTEFHdM65lR7RoIqq3tBBYavsOXV84NoHXZ0AkPyqQ==

nanoid@^3.3.11:
  version "3.3.11"
  resolved "https://mirrors.huaweicloud.com/repository/npm/nanoid/-/nanoid-3.3.11.tgz"
  integrity sha512-N8SpfPUnUp1bK+PMYW8qSWdl9U+wwNWI4QKxOYDy9JAro3WMX7p2OeVRF9v+347pnakNevPmiHhNmZ2HbFA76w==

normalize-wheel-es@^1.2.0:
  version "1.2.0"
  resolved "https://mirrors.huaweicloud.com/repository/npm/normalize-wheel-es/-/normalize-wheel-es-1.2.0.tgz"
  integrity sha512-Wj7+EJQ8mSuXr2iWfnujrimU35R2W4FAErEyTmJoJ7ucwTn2hOUSsRehMb5RSYkxXGTM7Y9QpvPmp++w5ftoJw==

path-browserify@^1.0.1:
  version "1.0.1"
  resolved "https://mirrors.huaweicloud.com/repository/npm/path-browserify/-/path-browserify-1.0.1.tgz"
  integrity sha512-b7uo2UCUOYZcnF/3ID0lulOJi/bafxa1xPe7ZPsammBSpjSWQkjNxlt635YGS2MiR9GjvuXCtz2emr3jbsz98g==

picocolors@^1.1.1:
  version "1.1.1"
  resolved "https://mirrors.huaweicloud.com/repository/npm/picocolors/-/picocolors-1.1.1.tgz"
  integrity sha512-xceH2snhtb5M9liqDsmEw56le376mTZkEX/jEb/RxNFyegNul7eNslCXP9FDj/Lcu0X8KEyMceP2ntpaHrDEVA==

picomatch@^4.0.2:
  version "4.0.2"
  resolved "https://mirrors.huaweicloud.com/repository/npm/picomatch/-/picomatch-4.0.2.tgz"
  integrity sha512-M7BAV6Rlcy5u+m6oPhAPFgJTzAioX/6B0DxyvDlo9l8+T3nLKbrczg2WLUyzd45L8RqfUMyGPzekbMvX2Ldkwg==

postcss@^8.5.3, postcss@^8.5.6:
  version "8.5.6"
  resolved "https://mirrors.huaweicloud.com/repository/npm/postcss/-/postcss-8.5.6.tgz"
  integrity sha512-3Ybi1tAuwAP9s0r1UQ2J4n5Y0G05bJkpUIO0/bI9MhwmD70S5aTWbXGBwxHrelT+XM1k6dM0pk+SwNkpTRN7Pg==
  dependencies:
    nanoid "^3.3.11"
    picocolors "^1.1.1"
    source-map-js "^1.2.1"

rollup@^4.34.9:
  version "4.44.2"
  resolved "https://mirrors.huaweicloud.com/repository/npm/rollup/-/rollup-4.44.2.tgz"
  integrity sha512-PVoapzTwSEcelaWGth3uR66u7ZRo6qhPHc0f2uRO9fX6XDVNrIiGYS0Pj9+R8yIIYSD/mCx2b16Ws9itljKSPg==
  dependencies:
    "@types/estree" "1.0.8"
  optionalDependencies:
    "@rollup/rollup-android-arm-eabi" "4.44.2"
    "@rollup/rollup-android-arm64" "4.44.2"
    "@rollup/rollup-darwin-arm64" "4.44.2"
    "@rollup/rollup-darwin-x64" "4.44.2"
    "@rollup/rollup-freebsd-arm64" "4.44.2"
    "@rollup/rollup-freebsd-x64" "4.44.2"
    "@rollup/rollup-linux-arm-gnueabihf" "4.44.2"
    "@rollup/rollup-linux-arm-musleabihf" "4.44.2"
    "@rollup/rollup-linux-arm64-gnu" "4.44.2"
    "@rollup/rollup-linux-arm64-musl" "4.44.2"
    "@rollup/rollup-linux-loongarch64-gnu" "4.44.2"
    "@rollup/rollup-linux-powerpc64le-gnu" "4.44.2"
    "@rollup/rollup-linux-riscv64-gnu" "4.44.2"
    "@rollup/rollup-linux-riscv64-musl" "4.44.2"
    "@rollup/rollup-linux-s390x-gnu" "4.44.2"
    "@rollup/rollup-linux-x64-gnu" "4.44.2"
    "@rollup/rollup-linux-x64-musl" "4.44.2"
    "@rollup/rollup-win32-arm64-msvc" "4.44.2"
    "@rollup/rollup-win32-ia32-msvc" "4.44.2"
    "@rollup/rollup-win32-x64-msvc" "4.44.2"
    fsevents "~2.3.2"

source-map-js@^1.2.1:
  version "1.2.1"
  resolved "https://mirrors.huaweicloud.com/repository/npm/source-map-js/-/source-map-js-1.2.1.tgz"
  integrity sha512-UXWMKhLOwVKb728IUtQPXxfYU+usdybtUrK/8uGE8CQMvrhOpwvzDBwj0QhSL7MQc7vIsISBG8VQ8+IDQxpfQA==

tinyglobby@^0.2.13:
  version "0.2.14"
  resolved "https://mirrors.huaweicloud.com/repository/npm/tinyglobby/-/tinyglobby-0.2.14.tgz"
  integrity sha512-tX5e7OM1HnYr2+a2C/4V0htOcSQcoSTH9KgJnVvNm5zm/cyEWKJ7j7YutsH9CxMdtOkkLFy2AHrMci9IM8IPZQ==
  dependencies:
    fdir "^6.4.4"
    picomatch "^4.0.2"

typescript@~5.6.2:
  version "5.6.3"
  resolved "https://mirrors.huaweicloud.com/repository/npm/typescript/-/typescript-5.6.3.tgz"
  integrity sha512-hjcS1mhfuyi4WW8IWtjP7brDrG2cuDZukyrYrSauoXGNgx0S7zceP07adYkJycEr56BOUTNPzbInooiN3fn1qw==

vite@^6.0.3:
  version "6.3.5"
  resolved "https://mirrors.huaweicloud.com/repository/npm/vite/-/vite-6.3.5.tgz"
  integrity sha512-cZn6NDFE7wdTpINgs++ZJ4N49W2vRp8LCKrn3Ob1kYNtOo21vfDoaV5GzBfLU4MovSAB8uNRm4jgzVQZ+mBzPQ==
  dependencies:
    esbuild "^0.25.0"
    fdir "^6.4.4"
    picomatch "^4.0.2"
    postcss "^8.5.3"
    rollup "^4.34.9"
    tinyglobby "^0.2.13"
  optionalDependencies:
    fsevents "~2.3.3"

vscode-uri@^3.0.8:
  version "3.1.0"
  resolved "https://mirrors.huaweicloud.com/repository/npm/vscode-uri/-/vscode-uri-3.1.0.tgz"
  integrity sha512-/BpdSx+yCQGnCvecbyXdxHDkuk55/G3xwnC0GqY4gmQ3j+A+g8kzzgB4Nk/SINjqn6+waqw3EgbVF2QKExkRxQ==

vue-demi@*:
  version "0.14.10"
  resolved "https://mirrors.huaweicloud.com/repository/npm/vue-demi/-/vue-demi-0.14.10.tgz"
  integrity sha512-nMZBOwuzabUO0nLgIcc6rycZEebF6eeUfaiQx9+WSk8e29IbLvPU9feI6tqW4kTo3hvoYAJkMh8n8D0fuISphg==

vue-router@4:
  version "4.5.1"
  resolved "https://mirrors.huaweicloud.com/repository/npm/vue-router/-/vue-router-4.5.1.tgz"
  integrity sha512-ogAF3P97NPm8fJsE4by9dwSYtDwXIY1nFY9T6DyQnGHd1E2Da94w9JIolpe42LJGIl0DwOHBi8TcRPlPGwbTtw==
  dependencies:
    "@vue/devtools-api" "^6.6.4"

vue-tsc@^2.1.10:
  version "2.2.12"
  resolved "https://mirrors.huaweicloud.com/repository/npm/vue-tsc/-/vue-tsc-2.2.12.tgz"
  integrity sha512-P7OP77b2h/Pmk+lZdJ0YWs+5tJ6J2+uOQPo7tlBnY44QqQSPYvS0qVT4wqDJgwrZaLe47etJLLQRFia71GYITw==
  dependencies:
    "@volar/typescript" "2.4.15"
    "@vue/language-core" "2.2.12"

vue@^3.5.13:
  version "3.5.17"
  resolved "https://mirrors.huaweicloud.com/repository/npm/vue/-/vue-3.5.17.tgz"
  integrity sha512-LbHV3xPN9BeljML+Xctq4lbz2lVHCR6DtbpTf5XIO6gugpXUN49j2QQPcMj086r9+AkJ0FfUT8xjulKKBkkr9g==
  dependencies:
    "@vue/compiler-dom" "3.5.17"
    "@vue/compiler-sfc" "3.5.17"
    "@vue/runtime-dom" "3.5.17"
    "@vue/server-renderer" "3.5.17"
    "@vue/shared" "3.5.17"
